
Microsoft Visual Studio Solution File, Format Version 12.00
# Visual Studio Version 17
VisualStudioVersion = 17.4.33205.214
MinimumVisualStudioVersion = 10.0.40219.1
Project("{FAE04EC0-301F-11D3-BF4B-00C04F79EFBC}") = "Task", "Task\Task.csproj", "{608B7ECD-C8EA-46C3-8286-E46A246E2CEC}"
EndProject
Global
	GlobalSection(SolutionConfigurationPlatforms) = preSolution
		Debug|Any CPU = Debug|Any CPU
		Release|Any CPU = Release|Any CPU
	EndGlobalSection
	GlobalSection(ProjectConfigurationPlatforms) = postSolution
		{608B7ECD-C8EA-46C3-8286-E46A246E2CEC}.Debug|Any CPU.ActiveCfg = Debug|Any CPU
		{608B7ECD-C8EA-46C3-8286-E46A246E2CEC}.Debug|Any CPU.Build.0 = Debug|Any CPU
		{608B7ECD-C8EA-46C3-8286-E46A246E2CEC}.Release|Any CPU.ActiveCfg = Release|Any CPU
		{608B7ECD-C8EA-46C3-8286-E46A246E2CEC}.Release|Any CPU.Build.0 = Release|Any CPU
	EndGlobalSection
	GlobalSection(SolutionProperties) = preSolution
		HideSolutionNode = FALSE
	EndGlobalSection
	GlobalSection(ExtensibilityGlobals) = postSolution
		SolutionGuid = {AD062B8F-73B0-471F-BC69-D5944D0D34AB}
	EndGlobalSection
EndGlobal
